
Microsoft Visual Studio Solution File, Format Version 12.00
# Visual Studio Version 17
VisualStudioVersion = 17.8.34330.188
MinimumVisualStudioVersion = 10.0.40219.1
Project("{FAE04EC0-301F-11D3-BF4B-00C04F79EFBC}") = "BookMVC", "BookMVC.csproj", "{93E02838-0112-4F61-A0CA-C841F7DF7C25}"
EndProject
Global
	GlobalSection(SolutionConfigurationPlatforms) = preSolution
		Debug|Any CPU = Debug|Any CPU
		Release|Any CPU = Release|Any CPU
	EndGlobalSection
	GlobalSection(ProjectConfigurationPlatforms) = postSolution
		{93E02838-0112-4F61-A0CA-C841F7DF7C25}.Debug|Any CPU.ActiveCfg = Debug|Any CPU
		{93E02838-0112-4F61-A0CA-C841F7DF7C25}.Debug|Any CPU.Build.0 = Debug|Any CPU
		{93E02838-0112-4F61-A0CA-C841F7DF7C25}.Release|Any CPU.ActiveCfg = Release|Any CPU
		{93E02838-0112-4F61-A0CA-C841F7DF7C25}.Release|Any CPU.Build.0 = Release|Any CPU
	EndGlobalSection
	GlobalSection(SolutionProperties) = preSolution
		HideSolutionNode = FALSE
	EndGlobalSection
	GlobalSection(ExtensibilityGlobals) = postSolution
		SolutionGuid = {77E6E49C-48F6-4C70-AB6D-8FD49AE0F0FD}
	EndGlobalSection
EndGlobal
